// !$*UTF8*$!
{
	archiveVersion = 1;
	classes = {
	};
	objectVersion = 56;
	objects = {

/* Begin PBXBuildFile section */
		CD123E682BD01CBB003B41BD /* AppDelegate.swift in Sources */ = {isa = PBXBuildFile; fileRef = CD123E672BD01CBB003B41BD /* AppDelegate.swift */; };
		CD123E6A2BD01CBB003B41BD /* SceneDelegate.swift in Sources */ = {isa = PBXBuildFile; fileRef = CD123E692BD01CBB003B41BD /* SceneDelegate.swift */; };
		CD123E6C2BD01CBB003B41BD /* ViewController.swift in Sources */ = {isa = PBXBuildFile; fileRef = CD123E6B2BD01CBB003B41BD /* ViewController.swift */; };
		CD123E6F2BD01CBB003B41BD /* Base in Resources */ = {isa = PBXBuildFile; fileRef = CD123E6E2BD01CBB003B41BD /* Base */; };
		CD123E712BD01CBF003B41BD /* Assets.xcassets in Resources */ = {isa = PBXBuildFile; fileRef = CD123E702BD01CBF003B41BD /* Assets.xcassets */; };
		CD123E742BD01CBF003B41BD /* Base in Resources */ = {isa = PBXBuildFile; fileRef = CD123E732BD01CBF003B41BD /* Base */; };
		CD123E7F2BD01CC0003B41BD /* SortingalgorithmsTests.swift in Sources */ = {isa = PBXBuildFile; fileRef = CD123E7E2BD01CC0003B41BD /* SortingalgorithmsTests.swift */; };
		CD123E892BD01CC0003B41BD /* SortingalgorithmsUITests.swift in Sources */ = {isa = PBXBuildFile; fileRef = CD123E882BD01CC0003B41BD /* SortingalgorithmsUITests.swift */; };
		CD123E8B2BD01CC0003B41BD /* SortingalgorithmsUITestsLaunchTests.swift in Sources */ = {isa = PBXBuildFile; fileRef = CD123E8A2BD01CC0003B41BD /* SortingalgorithmsUITestsLaunchTests.swift */; };
/* End PBXBuildFile section */

/* Begin PBXContainerItemProxy section */
		CD123E7B2BD01CC0003B41BD /* PBXContainerItemProxy */ = {
			isa = PBXContainerItemProxy;
			containerPortal = CD123E5C2BD01CBB003B41BD /* Project object */;
			proxyType = 1;
			remoteGlobalIDString = CD123E632BD01CBB003B41BD;
			remoteInfo = Sortingalgorithms;
		};
		CD123E852BD01CC0003B41BD /* PBXContainerItemProxy */ = {
			isa = PBXContainerItemProxy;
			containerPortal = CD123E5C2BD01CBB003B41BD /* Project object */;
			proxyType = 1;
			remoteGlobalIDString = CD123E632BD01CBB003B41BD;
			remoteInfo = Sortingalgorithms;
		};
/* End PBXContainerItemProxy section */

/* Begin PBXFileReference section */
		CD123E642BD01CBB003B41BD /* Sortingalgorithms.app */ = {isa = PBXFileReference; explicitFileType = wrapper.application; includeInIndex = 0; path = Sortingalgorithms.app; sourceTree = BUILT_PRODUCTS_DIR; };
		CD123E672BD01CBB003B41BD /* AppDelegate.swift */ = {isa = PBXFileReference; lastKnownFileType = sourcecode.swift; path = AppDelegate.swift; sourceTree = "<group>"; };
		CD123E692BD01CBB003B41BD /* SceneDelegate.swift */ = {isa = PBXFileReference; lastKnownFileType = sourcecode.swift; path = SceneDelegate.swift; sourceTree = "<group>"; };
		CD123E6B2BD01CBB003B41BD /* ViewController.swift */ = {isa = PBXFileReference; lastKnownFileType = sourcecode.swift; path = ViewController.swift; sourceTree = "<group>"; };
		CD123E6E2BD01CBB003B41BD /* Base */ = {isa = PBXFileReference; lastKnownFileType = file.storyboard; name = Base; path = Base.lproj/Main.storyboard; sourceTree = "<group>"; };
		CD123E702BD01CBF003B41BD /* Assets.xcassets */ = {isa = PBXFileReference; lastKnownFileType = folder.assetcatalog; path = Assets.xcassets; sourceTree = "<group>"; };
		CD123E732BD01CBF003B41BD /* Base */ = {isa = PBXFileReference; lastKnownFileType = file.storyboard; name = Base; path = Base.lproj/LaunchScreen.storyboard; sourceTree = "<group>"; };
		CD123E752BD01CBF003B41BD /* Info.plist */ = {isa = PBXFileReference; lastKnownFileType = text.plist.xml; path = Info.plist; sourceTree = "<group>"; };
		CD123E7A2BD01CC0003B41BD /* SortingalgorithmsTests.xctest */ = {isa = PBXFileReference; explicitFileType = wrapper.cfbundle; includeInIndex = 0; path = SortingalgorithmsTests.xctest; sourceTree = BUILT_PRODUCTS_DIR; };
		CD123E7E2BD01CC0003B41BD /* SortingalgorithmsTests.swift */ = {isa = PBXFileReference; lastKnownFileType = sourcecode.swift; path = SortingalgorithmsTests.swift; sourceTree = "<group>"; };
		CD123E842BD01CC0003B41BD /* SortingalgorithmsUITests.xctest */ = {isa = PBXFileReference; explicitFileType = wrapper.cfbundle; includeInIndex = 0; path = SortingalgorithmsUITests.xctest; sourceTree = BUILT_PRODUCTS_DIR; };
		CD123E882BD01CC0003B41BD /* SortingalgorithmsUITests.swift */ = {isa = PBXFileReference; lastKnownFileType = sourcecode.swift; path = SortingalgorithmsUITests.swift; sourceTree = "<group>"; };
		CD123E8A2BD01CC0003B41BD /* SortingalgorithmsUITestsLaunchTests.swift */ = {isa = PBXFileReference; lastKnownFileType = sourcecode.swift; path = SortingalgorithmsUITestsLaunchTests.swift; sourceTree = "<group>"; };
/* End PBXFileReference section */

/* Begin PBXFrameworksBuildPhase section */
		CD123E612BD01CBB003B41BD /* Frameworks */ = {
			isa = PBXFrameworksBuildPhase;
			buildActionMask = 2147483647;
			files = (
			);
			runOnlyForDeploymentPostprocessing = 0;
		};
		CD123E772BD01CC0003B41BD /* Frameworks */ = {
			isa = PBXFrameworksBuildPhase;
			buildActionMask = 2147483647;
			files = (
			);
			runOnlyForDeploymentPostprocessing = 0;
		};
		CD123E812BD01CC0003B41BD /* Frameworks */ = {
			isa = PBXFrameworksBuildPhase;
			buildActionMask = 2147483647;
			files = (
			);
			runOnlyForDeploymentPostprocessing = 0;
		};
/* End PBXFrameworksBuildPhase section */

/* Begin PBXGroup section */
		CD123E5B2BD01CBB003B41BD = {
			isa = PBXGroup;
			children = (
				CD123E662BD01CBB003B41BD /* Sortingalgorithms */,
				CD123E7D2BD01CC0003B41BD /* SortingalgorithmsTests */,
				CD123E872BD01CC0003B41BD /* SortingalgorithmsUITests */,
				CD123E652BD01CBB003B41BD /* Products */,
			);
			sourceTree = "<group>";
		};
		CD123E652BD01CBB003B41BD /* Products */ = {
			isa = PBXGroup;
			children = (
				CD123E642BD01CBB003B41BD /* Sortingalgorithms.app */,
				CD123E7A2BD01CC0003B41BD /* SortingalgorithmsTests.xctest */,
				CD123E842BD01CC0003B41BD /* SortingalgorithmsUITests.xctest */,
			);
			name = Products;
			sourceTree = "<group>";
		};
		CD123E662BD01CBB003B41BD /* Sortingalgorithms */ = {
			isa = PBXGroup;
			children = (
				CD123E672BD01CBB003B41BD /* AppDelegate.swift */,
				CD123E692BD01CBB003B41BD /* SceneDelegate.swift */,
				CD123E6B2BD01CBB003B41BD /* ViewController.swift */,
				CD123E6D2BD01CBB003B41BD /* Main.storyboard */,
				CD123E702BD01CBF003B41BD /* Assets.xcassets */,
				CD123E722BD01CBF003B41BD /* LaunchScreen.storyboard */,
				CD123E752BD01CBF003B41BD /* Info.plist */,
			);
			path = Sortingalgorithms;
			sourceTree = "<group>";
		};
		CD123E7D2BD01CC0003B41BD /* SortingalgorithmsTests */ = {
			isa = PBXGroup;
			children = (
				CD123E7E2BD01CC0003B41BD /* SortingalgorithmsTests.swift */,
			);
			path = SortingalgorithmsTests;
			sourceTree = "<group>";
		};
		CD123E872BD01CC0003B41BD /* SortingalgorithmsUITests */ = {
			isa = PBXGroup;
			children = (
				CD123E882BD01CC0003B41BD /* SortingalgorithmsUITests.swift */,
				CD123E8A2BD01CC0003B41BD /* SortingalgorithmsUITestsLaunchTests.swift */,
			);
			path = SortingalgorithmsUITests;
			sourceTree = "<group>";
		};
/* End PBXGroup section */

/* Begin PBXNativeTarget section */
		CD123E632BD01CBB003B41BD /* Sortingalgorithms */ = {
			isa = PBXNativeTarget;
			buildConfigurationList = CD123E8E2BD01CC0003B41BD /* Build configuration list for PBXNativeTarget "Sortingalgorithms" */;
			buildPhases = (
				CD123E602BD01CBB003B41BD /* Sources */,
				CD123E612BD01CBB003B41BD /* Frameworks */,
				CD123E622BD01CBB003B41BD /* Resources */,
			);
			buildRules = (
			);
			dependencies = (
			);
			name = Sortingalgorithms;
			productName = Sortingalgorithms;
			productReference = CD123E642BD01CBB003B41BD /* Sortingalgorithms.app */;
			productType = "com.apple.product-type.application";
		};
		CD123E792BD01CC0003B41BD /* SortingalgorithmsTests */ = {
			isa = PBXNativeTarget;
			buildConfigurationList = CD123E912BD01CC0003B41BD /* Build configuration list for PBXNativeTarget "SortingalgorithmsTests" */;
			buildPhases = (
				CD123E762BD01CC0003B41BD /* Sources */,
				CD123E772BD01CC0003B41BD /* Frameworks */,
				CD123E782BD01CC0003B41BD /* Resources */,
			);
			buildRules = (
			);
			dependencies = (
				CD123E7C2BD01CC0003B41BD /* PBXTargetDependency */,
			);
			name = SortingalgorithmsTests;
			productName = SortingalgorithmsTests;
			productReference = CD123E7A2BD01CC0003B41BD /* SortingalgorithmsTests.xctest */;
			productType = "com.apple.product-type.bundle.unit-test";
		};
		CD123E832BD01CC0003B41BD /* SortingalgorithmsUITests */ = {
			isa = PBXNativeTarget;
			buildConfigurationList = CD123E942BD01CC0003B41BD /* Build configuration list for PBXNativeTarget "SortingalgorithmsUITests" */;
			buildPhases = (
				CD123E802BD01CC0003B41BD /* Sources */,
				CD123E812BD01CC0003B41BD /* Frameworks */,
				CD123E822BD01CC0003B41BD /* Resources */,
			);
			buildRules = (
			);
			dependencies = (
				CD123E862BD01CC0003B41BD /* PBXTargetDependency */,
			);
			name = SortingalgorithmsUITests;
			productName = SortingalgorithmsUITests;
			productReference = CD123E842BD01CC0003B41BD /* SortingalgorithmsUITests.xctest */;
			productType = "com.apple.product-type.bundle.ui-testing";
		};
/* End PBXNativeTarget section */

/* Begin PBXProject section */
		CD123E5C2BD01CBB003B41BD /* Project object */ = {
			isa = PBXProject;
			attributes = {
				BuildIndependentTargetsInParallel = 1;
				LastSwiftUpdateCheck = 1530;
				LastUpgradeCheck = 1530;
				TargetAttributes = {
					CD123E632BD01CBB003B41BD = {
						CreatedOnToolsVersion = 15.3;
					};
					CD123E792BD01CC0003B41BD = {
						CreatedOnToolsVersion = 15.3;
						TestTargetID = CD123E632BD01CBB003B41BD;
					};
					CD123E832BD01CC0003B41BD = {
						CreatedOnToolsVersion = 15.3;
						TestTargetID = CD123E632BD01CBB003B41BD;
					};
				};
			};
			buildConfigurationList = CD123E5F2BD01CBB003B41BD /* Build configuration list for PBXProject "Sortingalgorithms" */;
			compatibilityVersion = "Xcode 14.0";
			developmentRegion = en;
			hasScannedForEncodings = 0;
			knownRegions = (
				en,
				Base,
			);
			mainGroup = CD123E5B2BD01CBB003B41BD;
			productRefGroup = CD123E652BD01CBB003B41BD /* Products */;
			projectDirPath = "";
			projectRoot = "";
			targets = (
				CD123E632BD01CBB003B41BD /* Sortingalgorithms */,
				CD123E792BD01CC0003B41BD /* SortingalgorithmsTests */,
				CD123E832BD01CC0003B41BD /* SortingalgorithmsUITests */,
			);
		};
/* End PBXProject section */

/* Begin PBXResourcesBuildPhase section */
		CD123E622BD01CBB003B41BD /* Resources */ = {
			isa = PBXResourcesBuildPhase;
			buildActionMask = 2147483647;
			files = (
				CD123E712BD01CBF003B41BD /* Assets.xcassets in Resources */,
				CD123E742BD01CBF003B41BD /* Base in Resources */,
				CD123E6F2BD01CBB003B41BD /* Base in Resources */,
			);
			runOnlyForDeploymentPostprocessing = 0;
		};
		CD123E782BD01CC0003B41BD /* Resources */ = {
			isa = PBXResourcesBuildPhase;
			buildActionMask = 2147483647;
			files = (
			);
			runOnlyForDeploymentPostprocessing = 0;
		};
		CD123E822BD01CC0003B41BD /* Resources */ = {
			isa = PBXResourcesBuildPhase;
			buildActionMask = 2147483647;
			files = (
			);
			runOnlyForDeploymentPostprocessing = 0;
		};
/* End PBXResourcesBuildPhase section */

/* Begin PBXSourcesBuildPhase section */
		CD123E602BD01CBB003B41BD /* Sources */ = {
			isa = PBXSourcesBuildPhase;
			buildActionMask = 2147483647;
			files = (
				CD123E6C2BD01CBB003B41BD /* ViewController.swift in Sources */,
				CD123E682BD01CBB003B41BD /* AppDelegate.swift in Sources */,
				CD123E6A2BD01CBB003B41BD /* SceneDelegate.swift in Sources */,
			);
			runOnlyForDeploymentPostprocessing = 0;
		};
		CD123E762BD01CC0003B41BD /* Sources */ = {
			isa = PBXSourcesBuildPhase;
			buildActionMask = 2147483647;
			files = (
				CD123E7F2BD01CC0003B41BD /* SortingalgorithmsTests.swift in Sources */,
			);
			runOnlyForDeploymentPostprocessing = 0;
		};
		CD123E802BD01CC0003B41BD /* Sources */ = {
			isa = PBXSourcesBuildPhase;
			buildActionMask = 2147483647;
			files = (
				CD123E892BD01CC0003B41BD /* SortingalgorithmsUITests.swift in Sources */,
				CD123E8B2BD01CC0003B41BD /* SortingalgorithmsUITestsLaunchTests.swift in Sources */,
			);
			runOnlyForDeploymentPostprocessing = 0;
		};
/* End PBXSourcesBuildPhase section */

/* Begin PBXTargetDependency section */
		CD123E7C2BD01CC0003B41BD /* PBXTargetDependency */ = {
			isa = PBXTargetDependency;
			target = CD123E632BD01CBB003B41BD /* Sortingalgorithms */;
			targetProxy = CD123E7B2BD01CC0003B41BD /* PBXContainerItemProxy */;
		};
		CD123E862BD01CC0003B41BD /* PBXTargetDependency */ = {
			isa = PBXTargetDependency;
			target = CD123E632BD01CBB003B41BD /* Sortingalgorithms */;
			targetProxy = CD123E852BD01CC0003B41BD /* PBXContainerItemProxy */;
		};
/* End PBXTargetDependency section */

/* Begin PBXVariantGroup section */
		CD123E6D2BD01CBB003B41BD /* Main.storyboard */ = {
			isa = PBXVariantGroup;
			children = (
				CD123E6E2BD01CBB003B41BD /* Base */,
			);
			name = Main.storyboard;
			sourceTree = "<group>";
		};
		CD123E722BD01CBF003B41BD /* LaunchScreen.storyboard */ = {
			isa = PBXVariantGroup;
			children = (
				CD123E732BD01CBF003B41BD /* Base */,
			);
			name = LaunchScreen.storyboard;
			sourceTree = "<group>";
		};
/* End PBXVariantGroup section */

/* Begin XCBuildConfiguration section */
		CD123E8C2BD01CC0003B41BD /* Debug */ = {
			isa = XCBuildConfiguration;
			buildSettings = {
				ALWAYS_SEARCH_USER_PATHS = NO;
				ASSETCATALOG_COMPILER_GENERATE_SWIFT_ASSET_SYMBOL_EXTENSIONS = YES;
				CLANG_ANALYZER_NONNULL = YES;
				CLANG_ANALYZER_NUMBER_OBJECT_CONVERSION = YES_AGGRESSIVE;
				CLANG_CXX_LANGUAGE_STANDARD = "gnu++20";
				CLANG_ENABLE_MODULES = YES;
				CLANG_ENABLE_OBJC_ARC = YES;
				CLANG_ENABLE_OBJC_WEAK = YES;
				CLANG_WARN_BLOCK_CAPTURE_AUTORELEASING = YES;
				CLANG_WARN_BOOL_CONVERSION = YES;
				CLANG_WARN_COMMA = YES;
				CLANG_WARN_CONSTANT_CONVERSION = YES;
				CLANG_WARN_DEPRECATED_OBJC_IMPLEMENTATIONS = YES;
				CLANG_WARN_DIRECT_OBJC_ISA_USAGE = YES_ERROR;
				CLANG_WARN_DOCUMENTATION_COMMENTS = YES;
				CLANG_WARN_EMPTY_BODY = YES;
				CLANG_WARN_ENUM_CONVERSION = YES;
				CLANG_WARN_INFINITE_RECURSION = YES;
				CLANG_WARN_INT_CONVERSION = YES;
				CLANG_WARN_NON_LITERAL_NULL_CONVERSION = YES;
				CLANG_WARN_OBJC_IMPLICIT_RETAIN_SELF = YES;
				CLANG_WARN_OBJC_LITERAL_CONVERSION = YES;
				CLANG_WARN_OBJC_ROOT_CLASS = YES_ERROR;
				CLANG_WARN_QUOTED_INCLUDE_IN_FRAMEWORK_HEADER = YES;
				CLANG_WARN_RANGE_LOOP_ANALYSIS = YES;
				CLANG_WARN_STRICT_PROTOTYPES = YES;
				CLANG_WARN_SUSPICIOUS_MOVE = YES;
				CLANG_WARN_UNGUARDED_AVAILABILITY = YES_AGGRESSIVE;
				CLANG_WARN_UNREACHABLE_CODE = YES;
				CLANG_WARN__DUPLICATE_METHOD_MATCH = YES;
				COPY_PHASE_STRIP = NO;
				DEBUG_INFORMATION_FORMAT = dwarf;
				ENABLE_STRICT_OBJC_MSGSEND = YES;
				ENABLE_TESTABILITY = YES;
				ENABLE_USER_SCRIPT_SANDBOXING = YES;
				GCC_C_LANGUAGE_STANDARD = gnu17;
				GCC_DYNAMIC_NO_PIC = NO;
				GCC_NO_COMMON_BLOCKS = YES;
				GCC_OPTIMIZATION_LEVEL = 0;
				GCC_PREPROCESSOR_DEFINITIONS = (
					"DEBUG=1",
					"$(inherited)",
				);
				GCC_WARN_64_TO_32_BIT_CONVERSION = YES;
				GCC_WARN_ABOUT_RETURN_TYPE = YES_ERROR;
				GCC_WARN_UNDECLARED_SELECTOR = YES;
				GCC_WARN_UNINITIALIZED_AUTOS = YES_AGGRESSIVE;
				GCC_WARN_UNUSED_FUNCTION = YES;
				GCC_WARN_UNUSED_VARIABLE = YES;
				IPHONEOS_DEPLOYMENT_TARGET = 17.4;
				LOCALIZATION_PREFERS_STRING_CATALOGS = YES;
				MTL_ENABLE_DEBUG_INFO = INCLUDE_SOURCE;
				MTL_FAST_MATH = YES;
				ONLY_ACTIVE_ARCH = YES;
				SDKROOT = iphoneos;
				SWIFT_ACTIVE_COMPILATION_CONDITIONS = "DEBUG $(inherited)";
				SWIFT_OPTIMIZATION_LEVEL = "-Onone";
			};
			name = Debug;
		};
		CD123E8D2BD01CC0003B41BD /* Release */ = {
			isa = XCBuildConfiguration;
			buildSettings = {
				ALWAYS_SEARCH_USER_PATHS = NO;
				ASSETCATALOG_COMPILER_GENERATE_SWIFT_ASSET_SYMBOL_EXTENSIONS = YES;
				CLANG_ANALYZER_NONNULL = YES;
				CLANG_ANALYZER_NUMBER_OBJECT_CONVERSION = YES_AGGRESSIVE;
				CLANG_CXX_LANGUAGE_STANDARD = "gnu++20";
				CLANG_ENABLE_MODULES = YES;
				CLANG_ENABLE_OBJC_ARC = YES;
				CLANG_ENABLE_OBJC_WEAK = YES;
				CLANG_WARN_BLOCK_CAPTURE_AUTORELEASING = YES;
				CLANG_WARN_BOOL_CONVERSION = YES;
				CLANG_WARN_COMMA = YES;
				CLANG_WARN_CONSTANT_CONVERSION = YES;
				CLANG_WARN_DEPRECATED_OBJC_IMPLEMENTATIONS = YES;
				CLANG_WARN_DIRECT_OBJC_ISA_USAGE = YES_ERROR;
				CLANG_WARN_DOCUMENTATION_COMMENTS = YES;
				CLANG_WARN_EMPTY_BODY = YES;
				CLANG_WARN_ENUM_CONVERSION = YES;
				CLANG_WARN_INFINITE_RECURSION = YES;
				CLANG_WARN_INT_CONVERSION = YES;
				CLANG_WARN_NON_LITERAL_NULL_CONVERSION = YES;
				CLANG_WARN_OBJC_IMPLICIT_RETAIN_SELF = YES;
				CLANG_WARN_OBJC_LITERAL_CONVERSION = YES;
				CLANG_WARN_OBJC_ROOT_CLASS = YES_ERROR;
				CLANG_WARN_QUOTED_INCLUDE_IN_FRAMEWORK_HEADER = YES;
				CLANG_WARN_RANGE_LOOP_ANALYSIS = YES;
				CLANG_WARN_STRICT_PROTOTYPES = YES;
				CLANG_WARN_SUSPICIOUS_MOVE = YES;
				CLANG_WARN_UNGUARDED_AVAILABILITY = YES_AGGRESSIVE;
				CLANG_WARN_UNREACHABLE_CODE = YES;
				CLANG_WARN__DUPLICATE_METHOD_MATCH = YES;
				COPY_PHASE_STRIP = NO;
				DEBUG_INFORMATION_FORMAT = "dwarf-with-dsym";
				ENABLE_NS_ASSERTIONS = NO;
				ENABLE_STRICT_OBJC_MSGSEND = YES;
				ENABLE_USER_SCRIPT_SANDBOXING = YES;
				GCC_C_LANGUAGE_STANDARD = gnu17;
				GCC_NO_COMMON_BLOCKS = YES;
				GCC_WARN_64_TO_32_BIT_CONVERSION = YES;
				GCC_WARN_ABOUT_RETURN_TYPE = YES_ERROR;
				GCC_WARN_UNDECLARED_SELECTOR = YES;
				GCC_WARN_UNINITIALIZED_AUTOS = YES_AGGRESSIVE;
				GCC_WARN_UNUSED_FUNCTION = YES;
				GCC_WARN_UNUSED_VARIABLE = YES;
				IPHONEOS_DEPLOYMENT_TARGET = 17.4;
				LOCALIZATION_PREFERS_STRING_CATALOGS = YES;
				MTL_ENABLE_DEBUG_INFO = NO;
				MTL_FAST_MATH = YES;
				SDKROOT = iphoneos;
				SWIFT_COMPILATION_MODE = wholemodule;
				VALIDATE_PRODUCT = YES;
			};
			name = Release;
		};
		CD123E8F2BD01CC0003B41BD /* Debug */ = {
			isa = XCBuildConfiguration;
			buildSettings = {
				ASSETCATALOG_COMPILER_APPICON_NAME = AppIcon;
				ASSETCATALOG_COMPILER_GLOBAL_ACCENT_COLOR_NAME = AccentColor;
				CODE_SIGN_STYLE = Automatic;
				CURRENT_PROJECT_VERSION = 1;
				GENERATE_INFOPLIST_FILE = YES;
				INFOPLIST_FILE = Sortingalgorithms/Info.plist;
				INFOPLIST_KEY_UIApplicationSupportsIndirectInputEvents = YES;
				INFOPLIST_KEY_UILaunchStoryboardName = LaunchScreen;
				INFOPLIST_KEY_UIMainStoryboardFile = Main;
				INFOPLIST_KEY_UISupportedInterfaceOrientations_iPad = "UIInterfaceOrientationPortrait UIInterfaceOrientationPortraitUpsideDown UIInterfaceOrientationLandscapeLeft UIInterfaceOrientationLandscapeRight";
				INFOPLIST_KEY_UISupportedInterfaceOrientations_iPhone = "UIInterfaceOrientationPortrait UIInterfaceOrientationLandscapeLeft UIInterfaceOrientationLandscapeRight";
				LD_RUNPATH_SEARCH_PATHS = (
					"$(inherited)",
					"@executable_path/Frameworks",
				);
				MARKETING_VERSION = 1.0;
				PRODUCT_BUNDLE_IDENTIFIER = com.ashaik8.Sortingalgorithms;
				PRODUCT_NAME = "$(TARGET_NAME)";
				SWIFT_EMIT_LOC_STRINGS = YES;
				SWIFT_VERSION = 5.0;
				TARGETED_DEVICE_FAMILY = "1,2";
			};
			name = Debug;
		};
		CD123E902BD01CC0003B41BD /* Release */ = {
			isa = XCBuildConfiguration;
			buildSettings = {
				ASSETCATALOG_COMPILER_APPICON_NAME = AppIcon;
				ASSETCATALOG_COMPILER_GLOBAL_ACCENT_COLOR_NAME = AccentColor;
				CODE_SIGN_STYLE = Automatic;
				CURRENT_PROJECT_VERSION = 1;
				GENERATE_INFOPLIST_FILE = YES;
				INFOPLIST_FILE = Sortingalgorithms/Info.plist;
				INFOPLIST_KEY_UIApplicationSupportsIndirectInputEvents = YES;
				INFOPLIST_KEY_UILaunchStoryboardName = LaunchScreen;
				INFOPLIST_KEY_UIMainStoryboardFile = Main;
				INFOPLIST_KEY_UISupportedInterfaceOrientations_iPad = "UIInterfaceOrientationPortrait UIInterfaceOrientationPortraitUpsideDown UIInterfaceOrientationLandscapeLeft UIInterfaceOrientationLandscapeRight";
				INFOPLIST_KEY_UISupportedInterfaceOrientations_iPhone = "UIInterfaceOrientationPortrait UIInterfaceOrientationLandscapeLeft UIInterfaceOrientationLandscapeRight";
				LD_RUNPATH_SEARCH_PATHS = (
					"$(inherited)",
					"@executable_path/Frameworks",
				);
				MARKETING_VERSION = 1.0;
				PRODUCT_BUNDLE_IDENTIFIER = com.ashaik8.Sortingalgorithms;
				PRODUCT_NAME = "$(TARGET_NAME)";
				SWIFT_EMIT_LOC_STRINGS = YES;
				SWIFT_VERSION = 5.0;
				TARGETED_DEVICE_FAMILY = "1,2";
			};
			name = Release;
		};
		CD123E922BD01CC0003B41BD /* Debug */ = {
			isa = XCBuildConfiguration;
			buildSettings = {
				ALWAYS_EMBED_SWIFT_STANDARD_LIBRARIES = YES;
				BUNDLE_LOADER = "$(TEST_HOST)";
				CODE_SIGN_STYLE = Automatic;
				CURRENT_PROJECT_VERSION = 1;
				GENERATE_INFOPLIST_FILE = YES;
				IPHONEOS_DEPLOYMENT_TARGET = 17.4;
				MARKETING_VERSION = 1.0;
				PRODUCT_BUNDLE_IDENTIFIER = com.ashaik8.SortingalgorithmsTests;
				PRODUCT_NAME = "$(TARGET_NAME)";
				SWIFT_EMIT_LOC_STRINGS = NO;
				SWIFT_VERSION = 5.0;
				TARGETED_DEVICE_FAMILY = "1,2";
				TEST_HOST = "$(BUILT_PRODUCTS_DIR)/Sortingalgorithms.app/$(BUNDLE_EXECUTABLE_FOLDER_PATH)/Sortingalgorithms";
			};
			name = Debug;
		};
		CD123E932BD01CC0003B41BD /* Release */ = {
			isa = XCBuildConfiguration;
			buildSettings = {
				ALWAYS_EMBED_SWIFT_STANDARD_LIBRARIES = YES;
				BUNDLE_LOADER = "$(TEST_HOST)";
				CODE_SIGN_STYLE = Automatic;
				CURRENT_PROJECT_VERSION = 1;
				GENERATE_INFOPLIST_FILE = YES;
				IPHONEOS_DEPLOYMENT_TARGET = 17.4;
				MARKETING_VERSION = 1.0;
				PRODUCT_BUNDLE_IDENTIFIER = com.ashaik8.SortingalgorithmsTests;
				PRODUCT_NAME = "$(TARGET_NAME)";
				SWIFT_EMIT_LOC_STRINGS = NO;
				SWIFT_VERSION = 5.0;
				TARGETED_DEVICE_FAMILY = "1,2";
				TEST_HOST = "$(BUILT_PRODUCTS_DIR)/Sortingalgorithms.app/$(BUNDLE_EXECUTABLE_FOLDER_PATH)/Sortingalgorithms";
			};
			name = Release;
		};
		CD123E952BD01CC0003B41BD /* Debug */ = {
			isa = XCBuildConfiguration;
			buildSettings = {
				ALWAYS_EMBED_SWIFT_STANDARD_LIBRARIES = YES;
				CODE_SIGN_STYLE = Automatic;
				CURRENT_PROJECT_VERSION = 1;
				GENERATE_INFOPLIST_FILE = YES;
				MARKETING_VERSION = 1.0;
				PRODUCT_BUNDLE_IDENTIFIER = com.ashaik8.SortingalgorithmsUITests;
				PRODUCT_NAME = "$(TARGET_NAME)";
				SWIFT_EMIT_LOC_STRINGS = NO;
				SWIFT_VERSION = 5.0;
				TARGETED_DEVICE_FAMILY = "1,2";
				TEST_TARGET_NAME = Sortingalgorithms;
			};
			name = Debug;
		};
		CD123E962BD01CC0003B41BD /* Release */ = {
			isa = XCBuildConfiguration;
			buildSettings = {
				ALWAYS_EMBED_SWIFT_STANDARD_LIBRARIES = YES;
				CODE_SIGN_STYLE = Automatic;
				CURRENT_PROJECT_VERSION = 1;
				GENERATE_INFOPLIST_FILE = YES;
				MARKETING_VERSION = 1.0;
				PRODUCT_BUNDLE_IDENTIFIER = com.ashaik8.SortingalgorithmsUITests;
				PRODUCT_NAME = "$(TARGET_NAME)";
				SWIFT_EMIT_LOC_STRINGS = NO;
				SWIFT_VERSION = 5.0;
				TARGETED_DEVICE_FAMILY = "1,2";
				TEST_TARGET_NAME = Sortingalgorithms;
			};
			name = Release;
		};
/* End XCBuildConfiguration section */

/* Begin XCConfigurationList section */
		CD123E5F2BD01CBB003B41BD /* Build configuration list for PBXProject "Sortingalgorithms" */ = {
			isa = XCConfigurationList;
			buildConfigurations = (
				CD123E8C2BD01CC0003B41BD /* Debug */,
				CD123E8D2BD01CC0003B41BD /* Release */,
			);
			defaultConfigurationIsVisible = 0;
			defaultConfigurationName = Release;
		};
		CD123E8E2BD01CC0003B41BD /* Build configuration list for PBXNativeTarget "Sortingalgorithms" */ = {
			isa = XCConfigurationList;
			buildConfigurations = (
				CD123E8F2BD01CC0003B41BD /* Debug */,
				CD123E902BD01CC0003B41BD /* Release */,
			);
			defaultConfigurationIsVisible = 0;
			defaultConfigurationName = Release;
		};
		CD123E912BD01CC0003B41BD /* Build configuration list for PBXNativeTarget "SortingalgorithmsTests" */ = {
			isa = XCConfigurationList;
			buildConfigurations = (
				CD123E922BD01CC0003B41BD /* Debug */,
				CD123E932BD01CC0003B41BD /* Release */,
			);
			defaultConfigurationIsVisible = 0;
			defaultConfigurationName = Release;
		};
		CD123E942BD01CC0003B41BD /* Build configuration list for PBXNativeTarget "SortingalgorithmsUITests" */ = {
			isa = XCConfigurationList;
			buildConfigurations = (
				CD123E952BD01CC0003B41BD /* Debug */,
				CD123E962BD01CC0003B41BD /* Release */,
			);
			defaultConfigurationIsVisible = 0;
			defaultConfigurationName = Release;
		};
/* End XCConfigurationList section */
	};
	rootObject = CD123E5C2BD01CBB003B41BD /* Project object */;
}
